
Microsoft Visual Studio Solution File, Format Version 12.00
# Visual Studio Version 16
VisualStudioVersion = 16.0.31019.35
MinimumVisualStudioVersion = 10.0.40219.1
Project("{FAE04EC0-301F-11D3-BF4B-00C04F79EFBC}") = "EFCodeFirstTut", "EFCodeFirstTut\EFCodeFirstTut.csproj", "{6BD0A9BA-DDEC-4341-93F7-AC0939998807}"
EndProject
Global
	GlobalSection(SolutionConfigurationPlatforms) = preSolution
		Debug|Any CPU = Debug|Any CPU
		Release|Any CPU = Release|Any CPU
	EndGlobalSection
	GlobalSection(ProjectConfigurationPlatforms) = postSolution
		{6BD0A9BA-DDEC-4341-93F7-AC0939998807}.Debug|Any CPU.ActiveCfg = Debug|Any CPU
		{6BD0A9BA-DDEC-4341-93F7-AC0939998807}.Debug|Any CPU.Build.0 = Debug|Any CPU
		{6BD0A9BA-DDEC-4341-93F7-AC0939998807}.Release|Any CPU.ActiveCfg = Release|Any CPU
		{6BD0A9BA-DDEC-4341-93F7-AC0939998807}.Release|Any CPU.Build.0 = Release|Any CPU
	EndGlobalSection
	GlobalSection(SolutionProperties) = preSolution
		HideSolutionNode = FALSE
	EndGlobalSection
	GlobalSection(ExtensibilityGlobals) = postSolution
		SolutionGuid = {20E5E883-2A96-4B68-ABA7-6CE00FD89644}
	EndGlobalSection
EndGlobal
