
Microsoft Visual Studio Solution File, Format Version 12.00
# Visual Studio Version 16
VisualStudioVersion = 16.0.31019.35
MinimumVisualStudioVersion = 10.0.40219.1
Project("{FAE04EC0-301F-11D3-BF4B-00C04F79EFBC}") = "EFCodeFirstTut", "EFCodeFirstTut\EFCodeFirstTut.csproj", "{70D2DC4E-65BD-4DFA-A1CF-7E2C94A2686B}"
EndProject
Global
	GlobalSection(SolutionConfigurationPlatforms) = preSolution
		Debug|Any CPU = Debug|Any CPU
		Release|Any CPU = Release|Any CPU
	EndGlobalSection
	GlobalSection(ProjectConfigurationPlatforms) = postSolution
		{70D2DC4E-65BD-4DFA-A1CF-7E2C94A2686B}.Debug|Any CPU.ActiveCfg = Debug|Any CPU
		{70D2DC4E-65BD-4DFA-A1CF-7E2C94A2686B}.Debug|Any CPU.Build.0 = Debug|Any CPU
		{70D2DC4E-65BD-4DFA-A1CF-7E2C94A2686B}.Release|Any CPU.ActiveCfg = Release|Any CPU
		{70D2DC4E-65BD-4DFA-A1CF-7E2C94A2686B}.Release|Any CPU.Build.0 = Release|Any CPU
	EndGlobalSection
	GlobalSection(SolutionProperties) = preSolution
		HideSolutionNode = FALSE
	EndGlobalSection
	GlobalSection(ExtensibilityGlobals) = postSolution
		SolutionGuid = {5B88DBF2-6163-4D05-8691-2D290E7CDE7F}
	EndGlobalSection
EndGlobal
